# generated by rye
# use `rye lock` or `rye sync` to update this lockfile
#
# last locked with the following flags:
#   pre: false
#   features: []
#   all-features: false
#   with-sources: false

-e file:.
certifi==2023.11.17
charset-normalizer==3.3.2
deprecation==2.1.0
docker==7.0.0
exceptiongroup==1.2.0
idna==3.6
iniconfig==2.0.0
mypy==1.8.0
mypy-extensions==1.0.0
nodeenv==1.8.0
packaging==23.2
pluggy==1.4.0
psycopg==3.1.17
psycopg-binary==3.1.17
pyright==1.1.348
pytest==8.0.0
requests==2.31.0
ruff==0.1.14
testcontainers==3.7.1
tomli==2.0.1
typing-extensions==4.9.0
urllib3==2.1.0
wrapt==1.16.0
# The following packages are considered to be unsafe in a requirements file:
setuptools==69.0.3
